// !$*UTF8*$!
{
	archiveVersion = 1;
	classes = {
	};
	objectVersion = 46;
	objects = {

/* Begin PBXBuildFile section */
		22813DE6B22B18DC8301A9AF /* Pods_TipApp.framework in Frameworks */ = {isa = PBXBuildFile; fileRef = BA19AA0361066F7FAB21A5BB /* Pods_TipApp.framework */; };
		494ECD0D1F55FB78002BF760 /* TipViewController.swift in Sources */ = {isa = PBXBuildFile; fileRef = 494ECD0C1F55FB78002BF760 /* TipViewController.swift */; };
		494ECD0F1F56306B002BF760 /* Tip.swift in Sources */ = {isa = PBXBuildFile; fileRef = 494ECD0E1F56306B002BF760 /* Tip.swift */; };
		494ECD111F56355E002BF760 /* SettingsViewController.swift in Sources */ = {isa = PBXBuildFile; fileRef = 494ECD101F56355E002BF760 /* SettingsViewController.swift */; };
		4951AC9E1F37B07800AE8A94 /* AppDelegate.swift in Sources */ = {isa = PBXBuildFile; fileRef = 4951AC9D1F37B07800AE8A94 /* AppDelegate.swift */; };
		4951ACA01F37B07800AE8A94 /* DisplayVC.swift in Sources */ = {isa = PBXBuildFile; fileRef = 4951AC9F1F37B07800AE8A94 /* DisplayVC.swift */; };
		4951ACA31F37B07800AE8A94 /* Main.storyboard in Resources */ = {isa = PBXBuildFile; fileRef = 4951ACA11F37B07800AE8A94 /* Main.storyboard */; };
		4951ACA51F37B07800AE8A94 /* Assets.xcassets in Resources */ = {isa = PBXBuildFile; fileRef = 4951ACA41F37B07800AE8A94 /* Assets.xcassets */; };
		4951ACA81F37B07800AE8A94 /* LaunchScreen.storyboard in Resources */ = {isa = PBXBuildFile; fileRef = 4951ACA61F37B07800AE8A94 /* LaunchScreen.storyboard */; };
		4951ACB01F37E98500AE8A94 /* SettingsVC.swift in Sources */ = {isa = PBXBuildFile; fileRef = 4951ACAF1F37E98500AE8A94 /* SettingsVC.swift */; };
		4951ACB21F38F8D900AE8A94 /* Model.swift in Sources */ = {isa = PBXBuildFile; fileRef = 4951ACB11F38F8D900AE8A94 /* Model.swift */; };
/* End PBXBuildFile section */

/* Begin PBXFileReference section */
		03D8FC63D7645EC967F02960 /* Pods-TipApp.release.xcconfig */ = {isa = PBXFileReference; includeInIndex = 1; lastKnownFileType = text.xcconfig; name = "Pods-TipApp.release.xcconfig"; path = "Pods/Target Support Files/Pods-TipApp/Pods-TipApp.release.xcconfig"; sourceTree = "<group>"; };
		494ECD0C1F55FB78002BF760 /* TipViewController.swift */ = {isa = PBXFileReference; fileEncoding = 4; lastKnownFileType = sourcecode.swift; path = TipViewController.swift; sourceTree = "<group>"; };
		494ECD0E1F56306B002BF760 /* Tip.swift */ = {isa = PBXFileReference; fileEncoding = 4; lastKnownFileType = sourcecode.swift; path = Tip.swift; sourceTree = "<group>"; };
		494ECD101F56355E002BF760 /* SettingsViewController.swift */ = {isa = PBXFileReference; fileEncoding = 4; lastKnownFileType = sourcecode.swift; path = SettingsViewController.swift; sourceTree = "<group>"; };
		4951AC9A1F37B07800AE8A94 /* TipApp.app */ = {isa = PBXFileReference; explicitFileType = wrapper.application; includeInIndex = 0; path = TipApp.app; sourceTree = BUILT_PRODUCTS_DIR; };
		4951AC9D1F37B07800AE8A94 /* AppDelegate.swift */ = {isa = PBXFileReference; lastKnownFileType = sourcecode.swift; path = AppDelegate.swift; sourceTree = "<group>"; };
		4951AC9F1F37B07800AE8A94 /* DisplayVC.swift */ = {isa = PBXFileReference; lastKnownFileType = sourcecode.swift; path = DisplayVC.swift; sourceTree = "<group>"; };
		4951ACA21F37B07800AE8A94 /* Base */ = {isa = PBXFileReference; lastKnownFileType = file.storyboard; name = Base; path = Base.lproj/Main.storyboard; sourceTree = "<group>"; };
		4951ACA41F37B07800AE8A94 /* Assets.xcassets */ = {isa = PBXFileReference; lastKnownFileType = folder.assetcatalog; path = Assets.xcassets; sourceTree = "<group>"; };
		4951ACA71F37B07800AE8A94 /* Base */ = {isa = PBXFileReference; lastKnownFileType = file.storyboard; name = Base; path = Base.lproj/LaunchScreen.storyboard; sourceTree = "<group>"; };
		4951ACA91F37B07800AE8A94 /* Info.plist */ = {isa = PBXFileReference; lastKnownFileType = text.plist.xml; path = Info.plist; sourceTree = "<group>"; };
		4951ACAF1F37E98500AE8A94 /* SettingsVC.swift */ = {isa = PBXFileReference; fileEncoding = 4; lastKnownFileType = sourcecode.swift; path = SettingsVC.swift; sourceTree = "<group>"; };
		4951ACB11F38F8D900AE8A94 /* Model.swift */ = {isa = PBXFileReference; fileEncoding = 4; lastKnownFileType = sourcecode.swift; path = Model.swift; sourceTree = "<group>"; };
		BA19AA0361066F7FAB21A5BB /* Pods_TipApp.framework */ = {isa = PBXFileReference; explicitFileType = wrapper.framework; includeInIndex = 0; path = Pods_TipApp.framework; sourceTree = BUILT_PRODUCTS_DIR; };
		FF5CD92E0FCDE5B700D24791 /* Pods-TipApp.debug.xcconfig */ = {isa = PBXFileReference; includeInIndex = 1; lastKnownFileType = text.xcconfig; name = "Pods-TipApp.debug.xcconfig"; path = "Pods/Target Support Files/Pods-TipApp/Pods-TipApp.debug.xcconfig"; sourceTree = "<group>"; };
/* End PBXFileReference section */

/* Begin PBXFrameworksBuildPhase section */
		4951AC971F37B07700AE8A94 /* Frameworks */ = {
			isa = PBXFrameworksBuildPhase;
			buildActionMask = 2147483647;
			files = (
				22813DE6B22B18DC8301A9AF /* Pods_TipApp.framework in Frameworks */,
			);
			runOnlyForDeploymentPostprocessing = 0;
		};
/* End PBXFrameworksBuildPhase section */

/* Begin PBXGroup section */
		4951AC911F37B07700AE8A94 = {
			isa = PBXGroup;
			children = (
				4951AC9C1F37B07800AE8A94 /* TipApp */,
				4951AC9B1F37B07800AE8A94 /* Products */,
				504BACB1F76EE9762CAFEFDC /* Pods */,
				64CC1F26F93A9790E1EC92B4 /* Frameworks */,
			);
			sourceTree = "<group>";
		};
		4951AC9B1F37B07800AE8A94 /* Products */ = {
			isa = PBXGroup;
			children = (
				4951AC9A1F37B07800AE8A94 /* TipApp.app */,
			);
			name = Products;
			sourceTree = "<group>";
		};
		4951AC9C1F37B07800AE8A94 /* TipApp */ = {
			isa = PBXGroup;
			children = (
				4951AC9D1F37B07800AE8A94 /* AppDelegate.swift */,
				4951AC9F1F37B07800AE8A94 /* DisplayVC.swift */,
				494ECD0C1F55FB78002BF760 /* TipViewController.swift */,
				4951ACAF1F37E98500AE8A94 /* SettingsVC.swift */,
				4951ACB11F38F8D900AE8A94 /* Model.swift */,
				494ECD0E1F56306B002BF760 /* Tip.swift */,
				4951ACA11F37B07800AE8A94 /* Main.storyboard */,
				494ECD101F56355E002BF760 /* SettingsViewController.swift */,
				4951ACA41F37B07800AE8A94 /* Assets.xcassets */,
				4951ACA61F37B07800AE8A94 /* LaunchScreen.storyboard */,
				4951ACA91F37B07800AE8A94 /* Info.plist */,
			);
			path = TipApp;
			sourceTree = "<group>";
		};
		504BACB1F76EE9762CAFEFDC /* Pods */ = {
			isa = PBXGroup;
			children = (
				FF5CD92E0FCDE5B700D24791 /* Pods-TipApp.debug.xcconfig */,
				03D8FC63D7645EC967F02960 /* Pods-TipApp.release.xcconfig */,
			);
			name = Pods;
			sourceTree = "<group>";
		};
		64CC1F26F93A9790E1EC92B4 /* Frameworks */ = {
			isa = PBXGroup;
			children = (
				BA19AA0361066F7FAB21A5BB /* Pods_TipApp.framework */,
			);
			name = Frameworks;
			sourceTree = "<group>";
		};
/* End PBXGroup section */

/* Begin PBXNativeTarget section */
		4951AC991F37B07700AE8A94 /* TipApp */ = {
			isa = PBXNativeTarget;
			buildConfigurationList = 4951ACAC1F37B07800AE8A94 /* Build configuration list for PBXNativeTarget "TipApp" */;
			buildPhases = (
				422A379616B541A5CE6B3B22 /* [CP] Check Pods Manifest.lock */,
				4951AC961F37B07700AE8A94 /* Sources */,
				4951AC971F37B07700AE8A94 /* Frameworks */,
				4951AC981F37B07700AE8A94 /* Resources */,
				FF0FD7340FD7E3EFFFAB6A50 /* [CP] Embed Pods Frameworks */,
				0D57F3EA134637158F23DB78 /* [CP] Copy Pods Resources */,
			);
			buildRules = (
			);
			dependencies = (
			);
			name = TipApp;
			productName = TipApp;
			productReference = 4951AC9A1F37B07800AE8A94 /* TipApp.app */;
			productType = "com.apple.product-type.application";
		};
/* End PBXNativeTarget section */

/* Begin PBXProject section */
		4951AC921F37B07700AE8A94 /* Project object */ = {
			isa = PBXProject;
			attributes = {
				LastSwiftUpdateCheck = 0820;
				LastUpgradeCheck = 0820;
				ORGANIZATIONNAME = com.AliMir;
				TargetAttributes = {
					4951AC991F37B07700AE8A94 = {
						CreatedOnToolsVersion = 8.2.1;
						DevelopmentTeam = 396S2E45WK;
						ProvisioningStyle = Automatic;
					};
				};
			};
			buildConfigurationList = 4951AC951F37B07700AE8A94 /* Build configuration list for PBXProject "TipApp" */;
			compatibilityVersion = "Xcode 3.2";
			developmentRegion = English;
			hasScannedForEncodings = 0;
			knownRegions = (
				en,
				Base,
			);
			mainGroup = 4951AC911F37B07700AE8A94;
			productRefGroup = 4951AC9B1F37B07800AE8A94 /* Products */;
			projectDirPath = "";
			projectRoot = "";
			targets = (
				4951AC991F37B07700AE8A94 /* TipApp */,
			);
		};
/* End PBXProject section */

/* Begin PBXResourcesBuildPhase section */
		4951AC981F37B07700AE8A94 /* Resources */ = {
			isa = PBXResourcesBuildPhase;
			buildActionMask = 2147483647;
			files = (
				4951ACA81F37B07800AE8A94 /* LaunchScreen.storyboard in Resources */,
				4951ACA51F37B07800AE8A94 /* Assets.xcassets in Resources */,
				4951ACA31F37B07800AE8A94 /* Main.storyboard in Resources */,
			);
			runOnlyForDeploymentPostprocessing = 0;
		};
/* End PBXResourcesBuildPhase section */

/* Begin PBXShellScriptBuildPhase section */
		0D57F3EA134637158F23DB78 /* [CP] Copy Pods Resources */ = {
			isa = PBXShellScriptBuildPhase;
			buildActionMask = 2147483647;
			files = (
			);
			inputPaths = (
			);
			name = "[CP] Copy Pods Resources";
			outputPaths = (
			);
			runOnlyForDeploymentPostprocessing = 0;
			shellPath = /bin/sh;
			shellScript = "\"${SRCROOT}/Pods/Target Support Files/Pods-TipApp/Pods-TipApp-resources.sh\"\n";
			showEnvVarsInLog = 0;
		};
		422A379616B541A5CE6B3B22 /* [CP] Check Pods Manifest.lock */ = {
			isa = PBXShellScriptBuildPhase;
			buildActionMask = 2147483647;
			files = (
			);
			inputPaths = (
			);
			name = "[CP] Check Pods Manifest.lock";
			outputPaths = (
			);
			runOnlyForDeploymentPostprocessing = 0;
			shellPath = /bin/sh;
			shellScript = "diff \"${PODS_ROOT}/../Podfile.lock\" \"${PODS_ROOT}/Manifest.lock\" > /dev/null\nif [ $? != 0 ] ; then\n    # print error to STDERR\n    echo \"error: The sandbox is not in sync with the Podfile.lock. Run 'pod install' or update your CocoaPods installation.\" >&2\n    exit 1\nfi\n";
			showEnvVarsInLog = 0;
		};
		FF0FD7340FD7E3EFFFAB6A50 /* [CP] Embed Pods Frameworks */ = {
			isa = PBXShellScriptBuildPhase;
			buildActionMask = 2147483647;
			files = (
			);
			inputPaths = (
			);
			name = "[CP] Embed Pods Frameworks";
			outputPaths = (
			);
			runOnlyForDeploymentPostprocessing = 0;
			shellPath = /bin/sh;
			shellScript = "\"${SRCROOT}/Pods/Target Support Files/Pods-TipApp/Pods-TipApp-frameworks.sh\"\n";
			showEnvVarsInLog = 0;
		};
/* End PBXShellScriptBuildPhase section */

/* Begin PBXSourcesBuildPhase section */
		4951AC961F37B07700AE8A94 /* Sources */ = {
			isa = PBXSourcesBuildPhase;
			buildActionMask = 2147483647;
			files = (
				4951ACA01F37B07800AE8A94 /* DisplayVC.swift in Sources */,
				4951AC9E1F37B07800AE8A94 /* AppDelegate.swift in Sources */,
				494ECD111F56355E002BF760 /* SettingsViewController.swift in Sources */,
				4951ACB01F37E98500AE8A94 /* SettingsVC.swift in Sources */,
				494ECD0F1F56306B002BF760 /* Tip.swift in Sources */,
				494ECD0D1F55FB78002BF760 /* TipViewController.swift in Sources */,
				4951ACB21F38F8D900AE8A94 /* Model.swift in Sources */,
			);
			runOnlyForDeploymentPostprocessing = 0;
		};
/* End PBXSourcesBuildPhase section */

/* Begin PBXVariantGroup section */
		4951ACA11F37B07800AE8A94 /* Main.storyboard */ = {
			isa = PBXVariantGroup;
			children = (
				4951ACA21F37B07800AE8A94 /* Base */,
			);
			name = Main.storyboard;
			sourceTree = "<group>";
		};
		4951ACA61F37B07800AE8A94 /* LaunchScreen.storyboard */ = {
			isa = PBXVariantGroup;
			children = (
				4951ACA71F37B07800AE8A94 /* Base */,
			);
			name = LaunchScreen.storyboard;
			sourceTree = "<group>";
		};
/* End PBXVariantGroup section */

/* Begin XCBuildConfiguration section */
		4951ACAA1F37B07800AE8A94 /* Debug */ = {
			isa = XCBuildConfiguration;
			buildSettings = {
				ALWAYS_SEARCH_USER_PATHS = NO;
				CLANG_ANALYZER_NONNULL = YES;
				CLANG_CXX_LANGUAGE_STANDARD = "gnu++0x";
				CLANG_CXX_LIBRARY = "libc++";
				CLANG_ENABLE_MODULES = YES;
				CLANG_ENABLE_OBJC_ARC = YES;
				CLANG_WARN_BOOL_CONVERSION = YES;
				CLANG_WARN_CONSTANT_CONVERSION = YES;
				CLANG_WARN_DIRECT_OBJC_ISA_USAGE = YES_ERROR;
				CLANG_WARN_DOCUMENTATION_COMMENTS = YES;
				CLANG_WARN_EMPTY_BODY = YES;
				CLANG_WARN_ENUM_CONVERSION = YES;
				CLANG_WARN_INFINITE_RECURSION = YES;
				CLANG_WARN_INT_CONVERSION = YES;
				CLANG_WARN_OBJC_ROOT_CLASS = YES_ERROR;
				CLANG_WARN_SUSPICIOUS_MOVE = YES;
				CLANG_WARN_UNREACHABLE_CODE = YES;
				CLANG_WARN__DUPLICATE_METHOD_MATCH = YES;
				"CODE_SIGN_IDENTITY[sdk=iphoneos*]" = "iPhone Developer";
				COPY_PHASE_STRIP = NO;
				DEBUG_INFORMATION_FORMAT = dwarf;
				ENABLE_STRICT_OBJC_MSGSEND = YES;
				ENABLE_TESTABILITY = YES;
				GCC_C_LANGUAGE_STANDARD = gnu99;
				GCC_DYNAMIC_NO_PIC = NO;
				GCC_NO_COMMON_BLOCKS = YES;
				GCC_OPTIMIZATION_LEVEL = 0;
				GCC_PREPROCESSOR_DEFINITIONS = (
					"DEBUG=1",
					"$(inherited)",
				);
				GCC_WARN_64_TO_32_BIT_CONVERSION = YES;
				GCC_WARN_ABOUT_RETURN_TYPE = YES_ERROR;
				GCC_WARN_UNDECLARED_SELECTOR = YES;
				GCC_WARN_UNINITIALIZED_AUTOS = YES_AGGRESSIVE;
				GCC_WARN_UNUSED_FUNCTION = YES;
				GCC_WARN_UNUSED_VARIABLE = YES;
				IPHONEOS_DEPLOYMENT_TARGET = 10.2;
				MTL_ENABLE_DEBUG_INFO = YES;
				ONLY_ACTIVE_ARCH = YES;
				SDKROOT = iphoneos;
				SWIFT_ACTIVE_COMPILATION_CONDITIONS = DEBUG;
				SWIFT_OPTIMIZATION_LEVEL = "-Onone";
			};
			name = Debug;
		};
		4951ACAB1F37B07800AE8A94 /* Release */ = {
			isa = XCBuildConfiguration;
			buildSettings = {
				ALWAYS_SEARCH_USER_PATHS = NO;
				CLANG_ANALYZER_NONNULL = YES;
				CLANG_CXX_LANGUAGE_STANDARD = "gnu++0x";
				CLANG_CXX_LIBRARY = "libc++";
				CLANG_ENABLE_MODULES = YES;
				CLANG_ENABLE_OBJC_ARC = YES;
				CLANG_WARN_BOOL_CONVERSION = YES;
				CLANG_WARN_CONSTANT_CONVERSION = YES;
				CLANG_WARN_DIRECT_OBJC_ISA_USAGE = YES_ERROR;
				CLANG_WARN_DOCUMENTATION_COMMENTS = YES;
				CLANG_WARN_EMPTY_BODY = YES;
				CLANG_WARN_ENUM_CONVERSION = YES;
				CLANG_WARN_INFINITE_RECURSION = YES;
				CLANG_WARN_INT_CONVERSION = YES;
				CLANG_WARN_OBJC_ROOT_CLASS = YES_ERROR;
				CLANG_WARN_SUSPICIOUS_MOVE = YES;
				CLANG_WARN_UNREACHABLE_CODE = YES;
				CLANG_WARN__DUPLICATE_METHOD_MATCH = YES;
				"CODE_SIGN_IDENTITY[sdk=iphoneos*]" = "iPhone Developer";
				COPY_PHASE_STRIP = NO;
				DEBUG_INFORMATION_FORMAT = "dwarf-with-dsym";
				ENABLE_NS_ASSERTIONS = NO;
				ENABLE_STRICT_OBJC_MSGSEND = YES;
				GCC_C_LANGUAGE_STANDARD = gnu99;
				GCC_NO_COMMON_BLOCKS = YES;
				GCC_WARN_64_TO_32_BIT_CONVERSION = YES;
				GCC_WARN_ABOUT_RETURN_TYPE = YES_ERROR;
				GCC_WARN_UNDECLARED_SELECTOR = YES;
				GCC_WARN_UNINITIALIZED_AUTOS = YES_AGGRESSIVE;
				GCC_WARN_UNUSED_FUNCTION = YES;
				GCC_WARN_UNUSED_VARIABLE = YES;
				IPHONEOS_DEPLOYMENT_TARGET = 10.2;
				MTL_ENABLE_DEBUG_INFO = NO;
				SDKROOT = iphoneos;
				SWIFT_OPTIMIZATION_LEVEL = "-Owholemodule";
				VALIDATE_PRODUCT = YES;
			};
			name = Release;
		};
		4951ACAD1F37B07800AE8A94 /* Debug */ = {
			isa = XCBuildConfiguration;
			baseConfigurationReference = FF5CD92E0FCDE5B700D24791 /* Pods-TipApp.debug.xcconfig */;
			buildSettings = {
				ASSETCATALOG_COMPILER_APPICON_NAME = AppIcon;
				"CODE_SIGN_IDENTITY[sdk=iphoneos*]" = "iPhone Developer";
				DEVELOPMENT_TEAM = 396S2E45WK;
				INFOPLIST_FILE = TipApp/Info.plist;
				LD_RUNPATH_SEARCH_PATHS = "$(inherited) @executable_path/Frameworks";
				PRODUCT_BUNDLE_IDENTIFIER = com.Ali.TipApp;
				PRODUCT_NAME = "$(TARGET_NAME)";
				PROVISIONING_PROFILE = "";
				PROVISIONING_PROFILE_SPECIFIER = "";
				SWIFT_VERSION = 3.0;
			};
			name = Debug;
		};
		4951ACAE1F37B07800AE8A94 /* Release */ = {
			isa = XCBuildConfiguration;
			baseConfigurationReference = 03D8FC63D7645EC967F02960 /* Pods-TipApp.release.xcconfig */;
			buildSettings = {
				ASSETCATALOG_COMPILER_APPICON_NAME = AppIcon;
				"CODE_SIGN_IDENTITY[sdk=iphoneos*]" = "iPhone Developer";
				DEVELOPMENT_TEAM = 396S2E45WK;
				INFOPLIST_FILE = TipApp/Info.plist;
				LD_RUNPATH_SEARCH_PATHS = "$(inherited) @executable_path/Frameworks";
				PRODUCT_BUNDLE_IDENTIFIER = com.Ali.TipApp;
				PRODUCT_NAME = "$(TARGET_NAME)";
				PROVISIONING_PROFILE = "";
				PROVISIONING_PROFILE_SPECIFIER = "";
				SWIFT_VERSION = 3.0;
			};
			name = Release;
		};
/* End XCBuildConfiguration section */

/* Begin XCConfigurationList section */
		4951AC951F37B07700AE8A94 /* Build configuration list for PBXProject "TipApp" */ = {
			isa = XCConfigurationList;
			buildConfigurations = (
				4951ACAA1F37B07800AE8A94 /* Debug */,
				4951ACAB1F37B07800AE8A94 /* Release */,
			);
			defaultConfigurationIsVisible = 0;
			defaultConfigurationName = Release;
		};
		4951ACAC1F37B07800AE8A94 /* Build configuration list for PBXNativeTarget "TipApp" */ = {
			isa = XCConfigurationList;
			buildConfigurations = (
				4951ACAD1F37B07800AE8A94 /* Debug */,
				4951ACAE1F37B07800AE8A94 /* Release */,
			);
			defaultConfigurationIsVisible = 0;
			defaultConfigurationName = Release;
		};
/* End XCConfigurationList section */
	};
	rootObject = 4951AC921F37B07700AE8A94 /* Project object */;
}
